{
  "https://static.edupia.vn/dungchung/dungchung/core_cms/resources/uploads/tieng-anh/video_timestamps/2023/04/11/g2u10l1_video-vocab-new-convert.mp4": { "integrity": "sha512-tEB7NNwHI0hQiVDGTeqNn+VzogBZpa6h9PLLRTHXccxCG1mmLRZ7KBjg2JcinMr0LkS7nNucJyxdc67J4kbeog==", "contentType": "video/mp4" },
  "version": 1
}
